
Microsoft Visual Studio Solution File, Format Version 12.00
# Visual Studio Version 17
VisualStudioVersion = 17.6.33723.286
MinimumVisualStudioVersion = 10.0.40219.1
Project("{9A19103F-16F7-4668-BE54-9A1E7A4F7556}") = "dentist project", "dentist project.csproj", "{B1351AA1-8035-4F7B-9EDE-DBAC6372EF9D}"
EndProject
Project("{9A19103F-16F7-4668-BE54-9A1E7A4F7556}") = "dentist model", "..\dentist model\dentist model.csproj", "{40715C64-D81C-48B9-91C3-D9FA8207DA9D}"
EndProject
Project("{9A19103F-16F7-4668-BE54-9A1E7A4F7556}") = "dentist api", "..\api\dentist api\dentist api.csproj", "{699A3FD8-3E63-4472-B2A5-DB53E3DCF3ED}"
EndProject
Global
	GlobalSection(SolutionConfigurationPlatforms) = preSolution
		Debug|Any CPU = Debug|Any CPU
		Release|Any CPU = Release|Any CPU
	EndGlobalSection
	GlobalSection(ProjectConfigurationPlatforms) = postSolution
		{B1351AA1-8035-4F7B-9EDE-DBAC6372EF9D}.Debug|Any CPU.ActiveCfg = Debug|Any CPU
		{B1351AA1-8035-4F7B-9EDE-DBAC6372EF9D}.Debug|Any CPU.Build.0 = Debug|Any CPU
		{B1351AA1-8035-4F7B-9EDE-DBAC6372EF9D}.Release|Any CPU.ActiveCfg = Release|Any CPU
		{B1351AA1-8035-4F7B-9EDE-DBAC6372EF9D}.Release|Any CPU.Build.0 = Release|Any CPU
		{40715C64-D81C-48B9-91C3-D9FA8207DA9D}.Debug|Any CPU.ActiveCfg = Debug|Any CPU
		{40715C64-D81C-48B9-91C3-D9FA8207DA9D}.Debug|Any CPU.Build.0 = Debug|Any CPU
		{40715C64-D81C-48B9-91C3-D9FA8207DA9D}.Release|Any CPU.ActiveCfg = Release|Any CPU
		{40715C64-D81C-48B9-91C3-D9FA8207DA9D}.Release|Any CPU.Build.0 = Release|Any CPU
		{699A3FD8-3E63-4472-B2A5-DB53E3DCF3ED}.Debug|Any CPU.ActiveCfg = Debug|Any CPU
		{699A3FD8-3E63-4472-B2A5-DB53E3DCF3ED}.Debug|Any CPU.Build.0 = Debug|Any CPU
		{699A3FD8-3E63-4472-B2A5-DB53E3DCF3ED}.Release|Any CPU.ActiveCfg = Release|Any CPU
		{699A3FD8-3E63-4472-B2A5-DB53E3DCF3ED}.Release|Any CPU.Build.0 = Release|Any CPU
	EndGlobalSection
	GlobalSection(SolutionProperties) = preSolution
		HideSolutionNode = FALSE
	EndGlobalSection
	GlobalSection(ExtensibilityGlobals) = postSolution
		SolutionGuid = {B7B56AD8-92D1-4741-BE0F-4A98B6D23D01}
	EndGlobalSection
EndGlobal
